
Microsoft Visual Studio Solution File, Format Version 12.00
# Visual Studio Version 16
VisualStudioVersion = 16.0.30517.126
MinimumVisualStudioVersion = 10.0.40219.1
Project("{FAE04EC0-301F-11D3-BF4B-00C04F79EFBC}") = "UI.Blazor", "UI.Blazor\UI.Blazor.csproj", "{9057199E-B86F-4B9D-93E0-2F65F66A3C88}"
EndProject
Project("{F2A71F9B-5D33-465A-A702-920D77279786}") = "UI.Console", "UI.Console\UI.Console.fsproj", "{484B123C-0CE1-4358-BA15-C3EB96934090}"
EndProject
Project("{F2A71F9B-5D33-465A-A702-920D77279786}") = "UI.FLib", "UI.FLib\UI.FLib.fsproj", "{757D8A61-3145-49AE-BC93-9CE7519B13DE}"
EndProject
Project("{FAE04EC0-301F-11D3-BF4B-00C04F79EFBC}") = "UI.CLib", "UI.CLib\UI.CLib.csproj", "{954B1E14-E1C2-43A7-BC2E-D6226D0084C7}"
EndProject
Project("{F2A71F9B-5D33-465A-A702-920D77279786}") = "Domain.FLib", "Domain.FLib\Domain.FLib.fsproj", "{1C1A357A-7A96-4B71-AE17-20EF99F56F6F}"
EndProject
Global
	GlobalSection(SolutionConfigurationPlatforms) = preSolution
		Debug|Any CPU = Debug|Any CPU
		Release|Any CPU = Release|Any CPU
	EndGlobalSection
	GlobalSection(ProjectConfigurationPlatforms) = postSolution
		{9057199E-B86F-4B9D-93E0-2F65F66A3C88}.Debug|Any CPU.ActiveCfg = Debug|Any CPU
		{9057199E-B86F-4B9D-93E0-2F65F66A3C88}.Debug|Any CPU.Build.0 = Debug|Any CPU
		{9057199E-B86F-4B9D-93E0-2F65F66A3C88}.Release|Any CPU.ActiveCfg = Release|Any CPU
		{9057199E-B86F-4B9D-93E0-2F65F66A3C88}.Release|Any CPU.Build.0 = Release|Any CPU
		{484B123C-0CE1-4358-BA15-C3EB96934090}.Debug|Any CPU.ActiveCfg = Debug|Any CPU
		{484B123C-0CE1-4358-BA15-C3EB96934090}.Debug|Any CPU.Build.0 = Debug|Any CPU
		{484B123C-0CE1-4358-BA15-C3EB96934090}.Release|Any CPU.ActiveCfg = Release|Any CPU
		{484B123C-0CE1-4358-BA15-C3EB96934090}.Release|Any CPU.Build.0 = Release|Any CPU
		{757D8A61-3145-49AE-BC93-9CE7519B13DE}.Debug|Any CPU.ActiveCfg = Debug|Any CPU
		{757D8A61-3145-49AE-BC93-9CE7519B13DE}.Debug|Any CPU.Build.0 = Debug|Any CPU
		{757D8A61-3145-49AE-BC93-9CE7519B13DE}.Release|Any CPU.ActiveCfg = Release|Any CPU
		{757D8A61-3145-49AE-BC93-9CE7519B13DE}.Release|Any CPU.Build.0 = Release|Any CPU
		{954B1E14-E1C2-43A7-BC2E-D6226D0084C7}.Debug|Any CPU.ActiveCfg = Debug|Any CPU
		{954B1E14-E1C2-43A7-BC2E-D6226D0084C7}.Debug|Any CPU.Build.0 = Debug|Any CPU
		{954B1E14-E1C2-43A7-BC2E-D6226D0084C7}.Release|Any CPU.ActiveCfg = Release|Any CPU
		{954B1E14-E1C2-43A7-BC2E-D6226D0084C7}.Release|Any CPU.Build.0 = Release|Any CPU
		{1C1A357A-7A96-4B71-AE17-20EF99F56F6F}.Debug|Any CPU.ActiveCfg = Debug|Any CPU
		{1C1A357A-7A96-4B71-AE17-20EF99F56F6F}.Debug|Any CPU.Build.0 = Debug|Any CPU
		{1C1A357A-7A96-4B71-AE17-20EF99F56F6F}.Release|Any CPU.ActiveCfg = Release|Any CPU
		{1C1A357A-7A96-4B71-AE17-20EF99F56F6F}.Release|Any CPU.Build.0 = Release|Any CPU
	EndGlobalSection
	GlobalSection(SolutionProperties) = preSolution
		HideSolutionNode = FALSE
	EndGlobalSection
	GlobalSection(ExtensibilityGlobals) = postSolution
		SolutionGuid = {7445CAB3-64C9-4A08-8DEB-E82D16355E0E}
	EndGlobalSection
EndGlobal
